<Solution>
  <Folder Name="/Solution Items/">
    <File Path="HawkinsTse/Reply1ToRhizoome.htm" />
    <File Path="README.md" />
  </Folder>
  <Folder Name="/Solution Items/AHistoryOfTheTwoCultures/">
    <File Path="AHistoryOfTheTwoCultures/AHistoryOfTheTwoCultures.htm" />
  </Folder>
  <Folder Name="/Solution Items/AHistoryOfTheTwoCultures/researches/">
    <File Path="AHistoryOfTheTwoCultures/researches/ChatGPTHistoryChat.md" />
    <File Path="AHistoryOfTheTwoCultures/researches/ChatGPTMarkdownExportReadme.md" />
    <File Path="AHistoryOfTheTwoCultures/researches/CollingwoodBiography.htm" />
    <File Path="AHistoryOfTheTwoCultures/researches/FirstThoughts.md" />
    <File Path="AHistoryOfTheTwoCultures/researches/ForHansFuchs.html" />
    <File Path="AHistoryOfTheTwoCultures/researches/NotesOnHawkinsEtc.htm" />
    <File Path="AHistoryOfTheTwoCultures/researches/sources.htm" />
  </Folder>
  <Folder Name="/Solution Items/HawkinsTse/">
    <File Path="HawkinsTse/HawkinsTse.htm" />
    <File Path="HawkinsTse/HawkinsTse.html" />
    <File Path="HawkinsTse/Reply1ToRhizoome.htm" />
  </Folder>
  <Folder Name="/Solution Items/InDefenceOfLiteracy/">
    <File Path="InDefenceOfLiteracy/InDefenceOfLiteracy.appendixCurrentBeliefs.html" />
    <File Path="InDefenceOfLiteracy/InDefenceOfLiteracy.htm" />
    <File Path="InDefenceOfLiteracy/InDefenceOfLiteracy.html" />
    <File Path="InDefenceOfLiteracy/InDefenceOfLiteracy.mathematicsAndProgrammingLanguages.html" />
    <File Path="InDefenceOfLiteracy/InDefenceOfLiteracy.notationCrisis.html" />
    <File Path="InDefenceOfLiteracy/InDefenceOfLiteracy.twoTypesOfTime.html" />
  </Folder>
  <Folder Name="/Solution Items/MeyerTheologyRefutation/">
    <File Path="MeyerTheologyRefutation/MeyerTheologyRefutation.htm" />
    <File Path="MeyerTheologyRefutation/MeyerTheologyRefutation.html" />
  </Folder>
  <Folder Name="/Solution Items/TheArrowOfTime/">
    <File Path="TheArrowOfTime/TheArrowOfTime.htm" />
    <File Path="TheArrowOfTime/TheArrowOfTime.html" />
    <File Path="TheArrowOfTime/TheArrowOfTimeFinalDraft.htm" />
    <File Path="TheArrowOfTime/TheArrowOfTimeFinalDraft.html" />
  </Folder>
  <Folder Name="/Solution Items/TheArrowOfTime/CopilotChats/" />
  <Folder Name="/Solution Items/TheArrowOfTime/CopilotChats/AreSpaceAndTimeQualia/">
    <File Path="TheArrowOfTime/CopilotChats/AreSpaceAndTimeQualia/Chat3.1.2026.md" />
  </Folder>
  <Folder Name="/Solution Items/TheArrowOfTime/CopilotChats/CollectingIdeas/">
    <File Path="TheArrowOfTime/CopilotChats/CollectingIdeas/Chat1.md" />
    <File Path="TheArrowOfTime/CopilotChats/CollectingIdeas/Chat2.md" />
    <File Path="TheArrowOfTime/CopilotChats/CollectingIdeas/Chat3.md" />
    <File Path="TheArrowOfTime/CopilotChats/CollectingIdeas/Chat4.md" />
    <File Path="TheArrowOfTime/CopilotChats/CollectingIdeas/Chat5.md" />
  </Folder>
  <Folder Name="/Solution Items/TheArrowOfTime/CopilotChats/_WolframReversibility/">
    <File Path="TheArrowOfTime/CopilotChats/_WolframReversibility/Prompt1.md" />
    <File Path="TheArrowOfTime/CopilotChats/_WolframReversibility/Prompt2.md" />
    <File Path="TheArrowOfTime/CopilotChats/_WolframReversibility/Prompt3.md" />
    <File Path="TheArrowOfTime/CopilotChats/_WolframReversibility/Prompt4_(irreversibility).md" />
    <File Path="TheArrowOfTime/CopilotChats/_WolframReversibility/Prompt5_(irreversibility).md" />
  </Folder>
  <Folder Name="/Solution Items/TheArrowOfTime/resources/">
    <File Path="TheArrowOfTime/resources/actionPotential.png" />
    <File Path="TheArrowOfTime/resources/neuron_small.png" />
    <File Path="TheArrowOfTime/resources/potassiumGate.png" />
    <File Path="TheArrowOfTime/resources/pumpCycle.png" />
    <File Path="TheArrowOfTime/resources/sodiumGate.png" />
  </Folder>
  <Folder Name="/Solution Items/TheLimitsOfObservation/">
    <File Path="TheLimitsOfObservation/TheLimitsOfObservation.htm" />
    <File Path="TheLimitsOfObservation/TheLimitsOfObservation.html" />
  </Folder>
  <Folder Name="/Solution Items/TheOriginOfTime/">
    <File Path="TheOriginOfTime/TheOriginOfTime.htm" />
    <File Path="TheOriginOfTime/TheOriginOfTime.html" />
  </Folder>
</Solution>
