<Solution>
  <Folder Name="/Solution Items/">
    <File Path="evolvingIdeas.htm" />
    <File Path="evolvingIdeas.html" />
    <File Path="README.md" />
  </Folder>
  <Folder Name="/Solution Items/AboutEvolvingIdeas/">
    <File Path="AboutEvolvingIdeas/AboutEvolvingIdeas.htm" />
    <File Path="AboutEvolvingIdeas/aboutEvolvingIdeas.html" />
  </Folder>
  <Folder Name="/Solution Items/Contributors/">
    <File Path="Contributors/Contributors.htm" />
    <File Path="Contributors/Contributors.html" />
  </Folder>
  <Folder Name="/Solution Items/Contributors/images/">
    <File Path="Contributors/images/ModeratorID88x88.png" />
  </Folder>
  <Folder Name="/Solution Items/EvolvingIdeas/" />
  <Folder Name="/Solution Items/EvolvingIdeas/HawkinsTse/">
    <File Path="EvolvingIdeas/HawkinsTse/HawkinsTse.htm" />
    <File Path="EvolvingIdeas/HawkinsTse/HawkinsTse.html" />
    <File Path="EvolvingIdeas/HawkinsTse/Reply1ToRhizoome.htm" />
  </Folder>
  <Folder Name="/Solution Items/EvolvingIdeas/InDefenceOfLiteracy/">
    <File Path="EvolvingIdeas/InDefenceOfLiteracy/InDefenceOfLiteracy.appendixCurrentBeliefs.html" />
    <File Path="EvolvingIdeas/InDefenceOfLiteracy/InDefenceOfLiteracy.htm" />
    <File Path="EvolvingIdeas/InDefenceOfLiteracy/InDefenceOfLiteracy.html" />
    <File Path="EvolvingIdeas/InDefenceOfLiteracy/InDefenceOfLiteracy.mathematicsAndProgrammingLanguages.html" />
    <File Path="EvolvingIdeas/InDefenceOfLiteracy/InDefenceOfLiteracy.notationCrisis.html" />
    <File Path="EvolvingIdeas/InDefenceOfLiteracy/InDefenceOfLiteracy.twoTypesOfTime.html" />
  </Folder>
  <Folder Name="/Solution Items/EvolvingIdeas/TheArrowOfTime/">
    <File Path="EvolvingIdeas/TheArrowOfTime/TheArrowOfTime.htm" />
    <File Path="EvolvingIdeas/TheArrowOfTime/TheArrowOfTime.html" />
  </Folder>
  <Folder Name="/Solution Items/EvolvingIdeas/TheArrowOfTime/CopilotChats/" />
  <Folder Name="/Solution Items/EvolvingIdeas/TheArrowOfTime/CopilotChats/AreSpaceAndTimeQualia/">
    <File Path="EvolvingIdeas/TheArrowOfTime/CopilotChats/AreSpaceAndTimeQualia/Chat3.1.2026.md" />
  </Folder>
  <Folder Name="/Solution Items/EvolvingIdeas/TheArrowOfTime/CopilotChats/CollectingIdeas/">
    <File Path="EvolvingIdeas/TheArrowOfTime/CopilotChats/CollectingIdeas/Chat1.md" />
    <File Path="EvolvingIdeas/TheArrowOfTime/CopilotChats/CollectingIdeas/Chat2.md" />
    <File Path="EvolvingIdeas/TheArrowOfTime/CopilotChats/CollectingIdeas/Chat3.md" />
    <File Path="EvolvingIdeas/TheArrowOfTime/CopilotChats/CollectingIdeas/Chat4.md" />
    <File Path="EvolvingIdeas/TheArrowOfTime/CopilotChats/CollectingIdeas/Chat5.md" />
  </Folder>
  <Folder Name="/Solution Items/EvolvingIdeas/TheArrowOfTime/CopilotChats/_WolframReversibility/">
    <File Path="EvolvingIdeas/TheArrowOfTime/CopilotChats/_WolframReversibility/Prompt1.md" />
    <File Path="EvolvingIdeas/TheArrowOfTime/CopilotChats/_WolframReversibility/Prompt2.md" />
    <File Path="EvolvingIdeas/TheArrowOfTime/CopilotChats/_WolframReversibility/Prompt3.md" />
    <File Path="EvolvingIdeas/TheArrowOfTime/CopilotChats/_WolframReversibility/Prompt4_(irreversibility).md" />
    <File Path="EvolvingIdeas/TheArrowOfTime/CopilotChats/_WolframReversibility/Prompt5_(irreversibility).md" />
  </Folder>
  <Folder Name="/Solution Items/EvolvingIdeas/TheArrowOfTime/resources/">
    <File Path="EvolvingIdeas/TheArrowOfTime/resources/actionPotential.png" />
    <File Path="EvolvingIdeas/TheArrowOfTime/resources/neuron_small.png" />
    <File Path="EvolvingIdeas/TheArrowOfTime/resources/potassiumGate.png" />
    <File Path="EvolvingIdeas/TheArrowOfTime/resources/pumpCycle.png" />
    <File Path="EvolvingIdeas/TheArrowOfTime/resources/sodiumGate.png" />
  </Folder>
  <Folder Name="/Solution Items/EvolvingIdeas/ThePhilosophicMethod/">
    <File Path="EvolvingIdeas/ThePhilosophicMethod/ThePhilosophicMethod.htm" />
    <File Path="EvolvingIdeas/ThePhilosophicMethod/ThePhilosophicMethod.html" />
  </Folder>
  <Folder Name="/Solution Items/SongSixLeftMargin/">
    <File Path="SongSixLeftMargin/songSixLeftMenu.htm" />
  </Folder>
  <Folder Name="/Solution Items/SongSixLeftMargin/images/">
    <File Path="SongSixLeftMargin/images/Sunburst100x100.png" />
    <File Path="SongSixLeftMargin/images/Temple100x100.png" />
  </Folder>
  <Folder Name="/Solution Items/SongSixTemple/">
    <File Path="SongSixTemple/ApolloSunburstWithCredit.png" />
    <File Path="SongSixTemple/ApolloTempleAtStourheadWithCredit.png" />
    <File Path="SongSixTemple/songSixTemple.htm" />
    <File Path="SongSixTemple/songSixTemple.html" />
  </Folder>
  <Folder Name="/Solution Items/_Drafts/">
    <File Path="_Drafts/README.md" />
  </Folder>
  <Folder Name="/Solution Items/_Drafts/AHistroyOfTheTwoCultures/">
    <File Path="_Drafts/AHistoryOfTheTwoCultures/AHistoryOfTheTwoCultures.htm" />
    <File Path="_Drafts/AHistoryOfTheTwoCultures/AHistoryOfTheTwoCultures.html" />
  </Folder>
  <Folder Name="/Solution Items/_Drafts/AHistroyOfTheTwoCultures/researches/">
    <File Path="_Drafts/AHistoryOfTheTwoCultures/researches/ChatGPTHistoryChat.md" />
    <File Path="_Drafts/AHistoryOfTheTwoCultures/researches/ChatGPTMarkdownExportReadme.md" />
    <File Path="_Drafts/AHistoryOfTheTwoCultures/researches/CollingwoodBiography.htm" />
    <File Path="_Drafts/AHistoryOfTheTwoCultures/researches/FirstThoughts.md" />
    <File Path="_Drafts/AHistoryOfTheTwoCultures/researches/ForHansFuchs.html" />
    <File Path="_Drafts/AHistoryOfTheTwoCultures/researches/NotesOnHawkinsEtc.htm" />
  </Folder>
  <Folder Name="/Solution Items/_Drafts/MeyerTheologyRefutation/">
    <File Path="_Drafts/MeyerTheologyRefutation/MeyerTheologyRefutation.htm" />
    <File Path="_Drafts/MeyerTheologyRefutation/MeyerTheologyRefutation.html" />
  </Folder>
  <Folder Name="/Solution Items/_old/" />
  <Folder Name="/Solution Items/_old/TheOriginOfTime/">
    <File Path="_old/TheOriginOfTime/TheOriginOfTime.htm" />
    <File Path="_old/TheOriginOfTime/TheOriginOfTime.html" />
  </Folder>
</Solution>
